
Microsoft Visual Studio Solution File, Format Version 12.00
# Visual Studio Version 17
VisualStudioVersion = 17.5.33516.290
MinimumVisualStudioVersion = 10.0.40219.1
Project("{2150E333-8FDC-42A3-9474-1A3956D46DE8}") = "Application", "Application", "{094AF1C2-1E3D-4554-918F-CCAC387FA132}"
EndProject
Project("{2150E333-8FDC-42A3-9474-1A3956D46DE8}") = "Clients", "Clients", "{438DE60B-47CC-4C89-BBC5-EE22CEFFA4E4}"
EndProject
Project("{2150E333-8FDC-42A3-9474-1A3956D46DE8}") = "Core", "Core", "{5847AA5B-634C-4DD4-8FA7-BC2C7EB84AC1}"
EndProject
Project("{2150E333-8FDC-42A3-9474-1A3956D46DE8}") = "Persistence", "Persistence", "{40C2B6EB-A687-47C8-A666-A738C5E9A0AD}"
EndProject
Project("{2150E333-8FDC-42A3-9474-1A3956D46DE8}") = "Shared", "Shared", "{71512608-3016-491B-A3A5-B6A655D0A8B9}"
EndProject
Project("{9A19103F-16F7-4668-BE54-9A1E7A4F7556}") = "SD.Core", "SD.Core\SD.Core.csproj", "{B0B7C372-F96F-41A6-9CE2-375C8E565C90}"
EndProject
Project("{9A19103F-16F7-4668-BE54-9A1E7A4F7556}") = "SD.Persistence", "SD.Persistence\SD.Persistence.csproj", "{7A9E98A7-CAD5-45BF-B9AF-AD902926F795}"
EndProject
Project("{2150E333-8FDC-42A3-9474-1A3956D46DE8}") = "ReadMe", "ReadMe", "{DD0317A8-EF38-4F48-8249-CDD9CDEED446}"
	ProjectSection(SolutionItems) = preProject
		TextFile1.txt = TextFile1.txt
	EndProjectSection
EndProject
Project("{2150E333-8FDC-42A3-9474-1A3956D46DE8}") = "NewFolder1", "NewFolder1", "{4C7C7F53-55E0-4702-9D2C-361CFF459B9B}"
EndProject
Project("{9A19103F-16F7-4668-BE54-9A1E7A4F7556}") = "SD.Application", "SD.Application\SD.Application.csproj", "{C6F6A0DE-BA2E-4DE5-8F9F-17CE6AA14B1E}"
EndProject
Project("{9A19103F-16F7-4668-BE54-9A1E7A4F7556}") = "SD.WS", "SD.WS\SD.WS.csproj", "{04AC1B67-261C-4AC7-A7AA-D11F3B7F73ED}"
EndProject
Project("{FAE04EC0-301F-11D3-BF4B-00C04F79EFBC}") = "SD.WebApp", "SD.WebApp\SD.WebApp.csproj", "{BC038C48-D0BB-45C7-8321-E6B6EC2EC287}"
EndProject
Global
	GlobalSection(SolutionConfigurationPlatforms) = preSolution
		Debug|Any CPU = Debug|Any CPU
		Release|Any CPU = Release|Any CPU
	EndGlobalSection
	GlobalSection(ProjectConfigurationPlatforms) = postSolution
		{B0B7C372-F96F-41A6-9CE2-375C8E565C90}.Debug|Any CPU.ActiveCfg = Debug|Any CPU
		{B0B7C372-F96F-41A6-9CE2-375C8E565C90}.Debug|Any CPU.Build.0 = Debug|Any CPU
		{B0B7C372-F96F-41A6-9CE2-375C8E565C90}.Release|Any CPU.ActiveCfg = Release|Any CPU
		{B0B7C372-F96F-41A6-9CE2-375C8E565C90}.Release|Any CPU.Build.0 = Release|Any CPU
		{7A9E98A7-CAD5-45BF-B9AF-AD902926F795}.Debug|Any CPU.ActiveCfg = Debug|Any CPU
		{7A9E98A7-CAD5-45BF-B9AF-AD902926F795}.Debug|Any CPU.Build.0 = Debug|Any CPU
		{7A9E98A7-CAD5-45BF-B9AF-AD902926F795}.Release|Any CPU.ActiveCfg = Release|Any CPU
		{7A9E98A7-CAD5-45BF-B9AF-AD902926F795}.Release|Any CPU.Build.0 = Release|Any CPU
		{C6F6A0DE-BA2E-4DE5-8F9F-17CE6AA14B1E}.Debug|Any CPU.ActiveCfg = Debug|Any CPU
		{C6F6A0DE-BA2E-4DE5-8F9F-17CE6AA14B1E}.Debug|Any CPU.Build.0 = Debug|Any CPU
		{C6F6A0DE-BA2E-4DE5-8F9F-17CE6AA14B1E}.Release|Any CPU.ActiveCfg = Release|Any CPU
		{C6F6A0DE-BA2E-4DE5-8F9F-17CE6AA14B1E}.Release|Any CPU.Build.0 = Release|Any CPU
		{04AC1B67-261C-4AC7-A7AA-D11F3B7F73ED}.Debug|Any CPU.ActiveCfg = Debug|Any CPU
		{04AC1B67-261C-4AC7-A7AA-D11F3B7F73ED}.Debug|Any CPU.Build.0 = Debug|Any CPU
		{04AC1B67-261C-4AC7-A7AA-D11F3B7F73ED}.Release|Any CPU.ActiveCfg = Release|Any CPU
		{04AC1B67-261C-4AC7-A7AA-D11F3B7F73ED}.Release|Any CPU.Build.0 = Release|Any CPU
		{BC038C48-D0BB-45C7-8321-E6B6EC2EC287}.Debug|Any CPU.ActiveCfg = Debug|Any CPU
		{BC038C48-D0BB-45C7-8321-E6B6EC2EC287}.Debug|Any CPU.Build.0 = Debug|Any CPU
		{BC038C48-D0BB-45C7-8321-E6B6EC2EC287}.Release|Any CPU.ActiveCfg = Release|Any CPU
		{BC038C48-D0BB-45C7-8321-E6B6EC2EC287}.Release|Any CPU.Build.0 = Release|Any CPU
	EndGlobalSection
	GlobalSection(SolutionProperties) = preSolution
		HideSolutionNode = FALSE
	EndGlobalSection
	GlobalSection(NestedProjects) = preSolution
		{B0B7C372-F96F-41A6-9CE2-375C8E565C90} = {5847AA5B-634C-4DD4-8FA7-BC2C7EB84AC1}
		{7A9E98A7-CAD5-45BF-B9AF-AD902926F795} = {40C2B6EB-A687-47C8-A666-A738C5E9A0AD}
		{4C7C7F53-55E0-4702-9D2C-361CFF459B9B} = {40C2B6EB-A687-47C8-A666-A738C5E9A0AD}
		{C6F6A0DE-BA2E-4DE5-8F9F-17CE6AA14B1E} = {094AF1C2-1E3D-4554-918F-CCAC387FA132}
		{04AC1B67-261C-4AC7-A7AA-D11F3B7F73ED} = {438DE60B-47CC-4C89-BBC5-EE22CEFFA4E4}
		{BC038C48-D0BB-45C7-8321-E6B6EC2EC287} = {438DE60B-47CC-4C89-BBC5-EE22CEFFA4E4}
	EndGlobalSection
	GlobalSection(ExtensibilityGlobals) = postSolution
		SolutionGuid = {FEBC1624-E961-4730-A06D-687F370CE3DB}
	EndGlobalSection
EndGlobal
